
Microsoft Visual Studio Solution File, Format Version 12.00
# Visual Studio Version 16
VisualStudioVersion = 16.0.29201.188
MinimumVisualStudioVersion = 10.0.40219.1
Project("{FAE04EC0-301F-11D3-BF4B-00C04F79EFBC}") = "ConsoleApp1", "ConsoleApp1\ConsoleApp1.csproj", "{2C165AAC-637B-4E29-89FA-883978F03326}"
EndProject
Project("{FAE04EC0-301F-11D3-BF4B-00C04F79EFBC}") = "TipsAndTraps", "TipsAndTraps\TipsAndTraps.csproj", "{EC9DC8A5-5CB4-478A-96B6-D6C8AB34B994}"
EndProject
Global
	GlobalSection(SolutionConfigurationPlatforms) = preSolution
		Debug|Any CPU = Debug|Any CPU
		Release|Any CPU = Release|Any CPU
	EndGlobalSection
	GlobalSection(ProjectConfigurationPlatforms) = postSolution
		{2C165AAC-637B-4E29-89FA-883978F03326}.Debug|Any CPU.ActiveCfg = Debug|Any CPU
		{2C165AAC-637B-4E29-89FA-883978F03326}.Debug|Any CPU.Build.0 = Debug|Any CPU
		{2C165AAC-637B-4E29-89FA-883978F03326}.Release|Any CPU.ActiveCfg = Release|Any CPU
		{2C165AAC-637B-4E29-89FA-883978F03326}.Release|Any CPU.Build.0 = Release|Any CPU
		{EC9DC8A5-5CB4-478A-96B6-D6C8AB34B994}.Debug|Any CPU.ActiveCfg = Debug|Any CPU
		{EC9DC8A5-5CB4-478A-96B6-D6C8AB34B994}.Debug|Any CPU.Build.0 = Debug|Any CPU
		{EC9DC8A5-5CB4-478A-96B6-D6C8AB34B994}.Release|Any CPU.ActiveCfg = Release|Any CPU
		{EC9DC8A5-5CB4-478A-96B6-D6C8AB34B994}.Release|Any CPU.Build.0 = Release|Any CPU
	EndGlobalSection
	GlobalSection(SolutionProperties) = preSolution
		HideSolutionNode = FALSE
	EndGlobalSection
	GlobalSection(ExtensibilityGlobals) = postSolution
		SolutionGuid = {B52005D6-46DC-442D-8254-70DB965BD4D0}
	EndGlobalSection
EndGlobal
